PODS:
  - Masonry (1.1.0)
  - SwpCateGory/SwpAttributed (2.6.3):
    - SwpCateGory/SwpCateGory
  - SwpCateGory/SwpCateGory (2.6.3)
  - SwpCateGory/SwpColor (2.6.3):
    - SwpCateGory/SwpCateGory
  - SwpCateGory/SwpCreateImage (2.6.3):
    - SwpCateGory/SwpCateGory
  - SwpCateGory/SwpSetButton (2.6.3):
    - SwpCateGory/SwpCateGory
  - SwpLocation (1.2.6)

DEPENDENCIES:
  - Masonry
  - SwpCateGory/SwpAttributed
  - SwpCateGory/SwpColor
  - SwpCateGory/SwpCreateImage
  - SwpCateGory/SwpSetButton
  - SwpLocation (from `../`)

SPEC REPOS:
  https://github.com/CocoaPods/Specs.git:
    - Masonry
    - SwpCateGory

EXTERNAL SOURCES:
  SwpLocation:
    :path: "../"

SPEC CHECKSUMS:
  Masonry: 678fab65091a9290e40e2832a55e7ab731aad201
  SwpCateGory: b27df2cd4f2169de51af7a241d0bff38290df67b
  SwpLocation: ab34fbf6c4d5705f9bf3551aa2167857173b0e37

PODFILE CHECKSUM: b44ab791cf5cc1e587b0d13b3c3269c2231bf12d

COCOAPODS: 1.5.0
